Microsoft Visual Studio Solution File, Format Version 11.00
# Visual Studio 2008

Project("{E9895DD1-426F-A920-E052-6416BE750144}") = "SpaceShooter!", "Assembly-CSharp.csproj", "{FFF952C5-FE90-A1ED-786E-B6C9F223D8AD}"
EndProject
Global
	GlobalSection(SolutionConfigurationPlatforms) = preSolution
		Debug|Any CPU = Debug|Any CPU
		Release|Any CPU = Release|Any CPU
	EndGlobalSection
	GlobalSection(ProjectConfigurationPlatforms) = postSolution
		{FFF952C5-FE90-A1ED-786E-B6C9F223D8AD}.Debug|Any CPU.ActiveCfg = Debug|Any CPU
		{FFF952C5-FE90-A1ED-786E-B6C9F223D8AD}.Debug|Any CPU.Build.0 = Debug|Any CPU
		{FFF952C5-FE90-A1ED-786E-B6C9F223D8AD}.Release|Any CPU.ActiveCfg = Release|Any CPU
		{FFF952C5-FE90-A1ED-786E-B6C9F223D8AD}.Release|Any CPU.Build.0 = Release|Any CPU
	EndGlobalSection
	GlobalSection(SolutionProperties) = preSolution
		HideSolutionNode = FALSE
	EndGlobalSection
	GlobalSection(MonoDevelopProperties) = preSolution
		StartupItem = Assembly-CSharp.csproj
	EndGlobalSection
EndGlobal
